
Microsoft Visual Studio Solution File, Format Version 12.00
Project("{FAE04EC0-301F-11D3-BF4B-00C04F79EFBC}") = "Nado.Core", "src\Nado.Core\Nado.Core.csproj", "{814BFC22-0339-45F5-AB02-592DEEA5895B}"
EndProject
Project("{FAE04EC0-301F-11D3-BF4B-00C04F79EFBC}") = "Nado.App.Nana", "src\Nado.App.Nana\Nado.App.Nana.csproj", "{0933E3B4-00B3-4739-A99D-39780393C381}"
EndProject
Global
	GlobalSection(SolutionConfigurationPlatforms) = preSolution
		Debug|Any CPU = Debug|Any CPU
		Release|Any CPU = Release|Any CPU
	EndGlobalSection
	GlobalSection(ProjectConfigurationPlatforms) = postSolution
		{814BFC22-0339-45F5-AB02-592DEEA5895B}.Debug|Any CPU.ActiveCfg = Debug|Any CPU
		{814BFC22-0339-45F5-AB02-592DEEA5895B}.Debug|Any CPU.Build.0 = Debug|Any CPU
		{814BFC22-0339-45F5-AB02-592DEEA5895B}.Release|Any CPU.ActiveCfg = Release|Any CPU
		{814BFC22-0339-45F5-AB02-592DEEA5895B}.Release|Any CPU.Build.0 = Release|Any CPU
		{0933E3B4-00B3-4739-A99D-39780393C381}.Debug|Any CPU.ActiveCfg = Debug|Any CPU
		{0933E3B4-00B3-4739-A99D-39780393C381}.Debug|Any CPU.Build.0 = Debug|Any CPU
		{0933E3B4-00B3-4739-A99D-39780393C381}.Release|Any CPU.ActiveCfg = Release|Any CPU
		{0933E3B4-00B3-4739-A99D-39780393C381}.Release|Any CPU.Build.0 = Release|Any CPU
	EndGlobalSection
EndGlobal
